
Microsoft Visual Studio Solution File, Format Version 12.00
# Visual Studio Version 17
VisualStudioVersion = 17.11.35327.3
MinimumVisualStudioVersion = 10.0.40219.1
Project("{FAE04EC0-301F-11D3-BF4B-00C04F79EFBC}") = "Quizzer.Server", "Quizzer.Server\Quizzer.Server.csproj", "{EFB6BAB9-4AAB-4685-95E5-242D504AF874}"
EndProject
Project("{54A90642-561A-4BB1-A94E-469ADEE60C69}") = "quizzer.client", "quizzer.client\quizzer.client.esproj", "{6E6EBCBE-11F9-4F5F-9193-3C31B89EC121}"
EndProject
Global
	GlobalSection(SolutionConfigurationPlatforms) = preSolution
		Debug|Any CPU = Debug|Any CPU
		Release|Any CPU = Release|Any CPU
	EndGlobalSection
	GlobalSection(ProjectConfigurationPlatforms) = postSolution
		{EFB6BAB9-4AAB-4685-95E5-242D504AF874}.Debug|Any CPU.ActiveCfg = Debug|Any CPU
		{EFB6BAB9-4AAB-4685-95E5-242D504AF874}.Debug|Any CPU.Build.0 = Debug|Any CPU
		{EFB6BAB9-4AAB-4685-95E5-242D504AF874}.Release|Any CPU.ActiveCfg = Release|Any CPU
		{EFB6BAB9-4AAB-4685-95E5-242D504AF874}.Release|Any CPU.Build.0 = Release|Any CPU
		{6E6EBCBE-11F9-4F5F-9193-3C31B89EC121}.Debug|Any CPU.ActiveCfg = Debug|Any CPU
		{6E6EBCBE-11F9-4F5F-9193-3C31B89EC121}.Debug|Any CPU.Build.0 = Debug|Any CPU
		{6E6EBCBE-11F9-4F5F-9193-3C31B89EC121}.Debug|Any CPU.Deploy.0 = Debug|Any CPU
		{6E6EBCBE-11F9-4F5F-9193-3C31B89EC121}.Release|Any CPU.ActiveCfg = Release|Any CPU
		{6E6EBCBE-11F9-4F5F-9193-3C31B89EC121}.Release|Any CPU.Build.0 = Release|Any CPU
		{6E6EBCBE-11F9-4F5F-9193-3C31B89EC121}.Release|Any CPU.Deploy.0 = Release|Any CPU
	EndGlobalSection
	GlobalSection(SolutionProperties) = preSolution
		HideSolutionNode = FALSE
	EndGlobalSection
	GlobalSection(ExtensibilityGlobals) = postSolution
		SolutionGuid = {3185C067-4453-4B8D-9336-E827CA224C1B}
	EndGlobalSection
EndGlobal
